
Microsoft Visual Studio Solution File, Format Version 12.00
# Visual Studio Version 17
VisualStudioVersion = 17.14.36221.1
MinimumVisualStudioVersion = 10.0.40219.1
Project("{FAE04EC0-301F-11D3-BF4B-00C04F79EFBC}") = "LearningLanguageApp", "LearningLanguageApp\LearningLanguageApp.csproj", "{D1FC5CC1-E3AA-4733-828D-505CFF674B6A}"
EndProject
Project("{FAE04EC0-301F-11D3-BF4B-00C04F79EFBC}") = "LearningLanguageApp.BLL", "LearningLanguageApp.BLL\LearningLanguageApp.BLL.csproj", "{A4394546-1205-4674-8507-45BDF32D8AEB}"
EndProject
Project("{FAE04EC0-301F-11D3-BF4B-00C04F79EFBC}") = "LearningLanguageApp.DAL", "LearningLanguageApp.DAL\LearningLanguageApp.DAL.csproj", "{68D3964F-AD07-4BDF-ADA7-9E336842C489}"
EndProject
Project("{FAE04EC0-301F-11D3-BF4B-00C04F79EFBC}") = "LearningLanguageApp.DAL.Tests", "LearningLanguageApp.DAL.Tests\LearningLanguageApp.DAL.Tests.csproj", "{04045B52-B60B-40A5-AEA8-289148266A54}"
EndProject
Global
	GlobalSection(SolutionConfigurationPlatforms) = preSolution
		Debug|Any CPU = Debug|Any CPU
		Release|Any CPU = Release|Any CPU
	EndGlobalSection
	GlobalSection(ProjectConfigurationPlatforms) = postSolution
		{D1FC5CC1-E3AA-4733-828D-505CFF674B6A}.Debug|Any CPU.ActiveCfg = Debug|Any CPU
		{D1FC5CC1-E3AA-4733-828D-505CFF674B6A}.Debug|Any CPU.Build.0 = Debug|Any CPU
		{D1FC5CC1-E3AA-4733-828D-505CFF674B6A}.Release|Any CPU.ActiveCfg = Release|Any CPU
		{D1FC5CC1-E3AA-4733-828D-505CFF674B6A}.Release|Any CPU.Build.0 = Release|Any CPU
		{A4394546-1205-4674-8507-45BDF32D8AEB}.Debug|Any CPU.ActiveCfg = Debug|Any CPU
		{A4394546-1205-4674-8507-45BDF32D8AEB}.Debug|Any CPU.Build.0 = Debug|Any CPU
		{A4394546-1205-4674-8507-45BDF32D8AEB}.Release|Any CPU.ActiveCfg = Release|Any CPU
		{A4394546-1205-4674-8507-45BDF32D8AEB}.Release|Any CPU.Build.0 = Release|Any CPU
		{68D3964F-AD07-4BDF-ADA7-9E336842C489}.Debug|Any CPU.ActiveCfg = Debug|Any CPU
		{68D3964F-AD07-4BDF-ADA7-9E336842C489}.Debug|Any CPU.Build.0 = Debug|Any CPU
		{68D3964F-AD07-4BDF-ADA7-9E336842C489}.Release|Any CPU.ActiveCfg = Release|Any CPU
		{68D3964F-AD07-4BDF-ADA7-9E336842C489}.Release|Any CPU.Build.0 = Release|Any CPU
		{04045B52-B60B-40A5-AEA8-289148266A54}.Debug|Any CPU.ActiveCfg = Debug|Any CPU
		{04045B52-B60B-40A5-AEA8-289148266A54}.Debug|Any CPU.Build.0 = Debug|Any CPU
		{04045B52-B60B-40A5-AEA8-289148266A54}.Release|Any CPU.ActiveCfg = Release|Any CPU
		{04045B52-B60B-40A5-AEA8-289148266A54}.Release|Any CPU.Build.0 = Release|Any CPU
	EndGlobalSection
	GlobalSection(SolutionProperties) = preSolution
		HideSolutionNode = FALSE
	EndGlobalSection
	GlobalSection(ExtensibilityGlobals) = postSolution
		SolutionGuid = {DA7800E4-8E70-44B6-AE84-F64749BCE60F}
	EndGlobalSection
EndGlobal
